
Microsoft Visual Studio Solution File, Format Version 12.00
# Visual Studio Version 17
VisualStudioVersion = 17.0.31903.59
MinimumVisualStudioVersion = 10.0.40219.1
Project("{FAE04EC0-301F-11D3-BF4B-00C04F79EFBC}") = "CinemaHallSystem", "CinemaHallSystem\CinemaHallSystem.csproj", "{B5A7F4E3-2D1C-4F8E-9A6B-3C7D5E8F1A2B}"
EndProject
Global
	GlobalSection(SolutionConfigurationPlatforms) = preSolution
		Debug|Any CPU = Debug|Any CPU
		Release|Any CPU = Release|Any CPU
	EndGlobalSection
	GlobalSection(ProjectConfigurationPlatforms) = postSolution
		{B5A7F4E3-2D1C-4F8E-9A6B-3C7D5E8F1A2B}.Debug|Any CPU.ActiveCfg = Debug|Any CPU
		{B5A7F4E3-2D1C-4F8E-9A6B-3C7D5E8F1A2B}.Debug|Any CPU.Build.0 = Debug|Any CPU
		{B5A7F4E3-2D1C-4F8E-9A6B-3C7D5E8F1A2B}.Release|Any CPU.ActiveCfg = Release|Any CPU
		{B5A7F4E3-2D1C-4F8E-9A6B-3C7D5E8F1A2B}.Release|Any CPU.Build.0 = Release|Any CPU
	EndGlobalSection
EndGlobal
